// !$*UTF8*$!
{
	archiveVersion = 1;
	classes = {
	};
	objectVersion = 51;
	objects = {

/* Begin PBXBuildFile section */
		111B3B702541D1C600986412 /* BartyCrouch.swift in Sources */ = {isa = PBXBuildFile; fileRef = 111B3B6F2541D1C600986412 /* BartyCrouch.swift */; };
		115D9ACF2540459A008DBADD /* AppDelegate.swift in Sources */ = {isa = PBXBuildFile; fileRef = 115D9ACE2540459A008DBADD /* AppDelegate.swift */; };
		115D9AD12540459A008DBADD /* SceneDelegate.swift in Sources */ = {isa = PBXBuildFile; fileRef = 115D9AD02540459A008DBADD /* SceneDelegate.swift */; };
		115D9AD32540459A008DBADD /* ViewController.swift in Sources */ = {isa = PBXBuildFile; fileRef = 115D9AD22540459A008DBADD /* ViewController.swift */; };
		115D9AD62540459A008DBADD /* Main.storyboard in Resources */ = {isa = PBXBuildFile; fileRef = 115D9AD42540459A008DBADD /* Main.storyboard */; };
		115D9AD82540459C008DBADD /* Assets.xcassets in Resources */ = {isa = PBXBuildFile; fileRef = 115D9AD72540459C008DBADD /* Assets.xcassets */; };
		115D9ADB2540459C008DBADD /* LaunchScreen.storyboard in Resources */ = {isa = PBXBuildFile; fileRef = 115D9AD92540459C008DBADD /* LaunchScreen.storyboard */; };
		115D9AF3254048C5008DBADD /* SceneDelegate+Extension.swift in Sources */ = {isa = PBXBuildFile; fileRef = 115D9AF2254048C5008DBADD /* SceneDelegate+Extension.swift */; };
		115D9AF7254048D4008DBADD /* AppDelegate+Extension.swift in Sources */ = {isa = PBXBuildFile; fileRef = 115D9AF6254048D4008DBADD /* AppDelegate+Extension.swift */; };
		115D9AFA25404992008DBADD /* AppManager.swift in Sources */ = {isa = PBXBuildFile; fileRef = 115D9AF925404992008DBADD /* AppManager.swift */; };
		115D9B0225404C7B008DBADD /* Container.swift in Sources */ = {isa = PBXBuildFile; fileRef = 115D9B0125404C7B008DBADD /* Container.swift */; };
		115D9B1325404DEF008DBADD /* KeyValuePersistence.swift in Sources */ = {isa = PBXBuildFile; fileRef = 115D9B1225404DEF008DBADD /* KeyValuePersistence.swift */; };
		115D9B1725404E01008DBADD /* PersistanceManager.swift in Sources */ = {isa = PBXBuildFile; fileRef = 115D9B1625404E01008DBADD /* PersistanceManager.swift */; };
		115D9B1F25404ED3008DBADD /* SplashPresenter.swift in Sources */ = {isa = PBXBuildFile; fileRef = 115D9B1925404ED3008DBADD /* SplashPresenter.swift */; };
		115D9B2025404ED3008DBADD /* SplashRouter.swift in Sources */ = {isa = PBXBuildFile; fileRef = 115D9B1A25404ED3008DBADD /* SplashRouter.swift */; };
		115D9B2125404ED3008DBADD /* SplashViewController.swift in Sources */ = {isa = PBXBuildFile; fileRef = 115D9B1B25404ED3008DBADD /* SplashViewController.swift */; };
		115D9B2225404ED3008DBADD /* SplashProtocols.swift in Sources */ = {isa = PBXBuildFile; fileRef = 115D9B1C25404ED3008DBADD /* SplashProtocols.swift */; };
		115D9B2325404ED3008DBADD /* SplashInteractor.swift in Sources */ = {isa = PBXBuildFile; fileRef = 115D9B1D25404ED3008DBADD /* SplashInteractor.swift */; };
		115D9B2425404ED3008DBADD /* SplashViewController.xib in Resources */ = {isa = PBXBuildFile; fileRef = 115D9B1E25404ED3008DBADD /* SplashViewController.xib */; };
		115D9B2B2540503B008DBADD /* BaseViewController.swift in Sources */ = {isa = PBXBuildFile; fileRef = 115D9B262540503B008DBADD /* BaseViewController.swift */; };
		115D9B2C2540503B008DBADD /* BaseProtocol.swift in Sources */ = {isa = PBXBuildFile; fileRef = 115D9B272540503B008DBADD /* BaseProtocol.swift */; };
		115D9B2D2540503B008DBADD /* BaseView.swift in Sources */ = {isa = PBXBuildFile; fileRef = 115D9B282540503B008DBADD /* BaseView.swift */; };
		115D9B2E2540503B008DBADD /* NoInternetView.swift in Sources */ = {isa = PBXBuildFile; fileRef = 115D9B292540503B008DBADD /* NoInternetView.swift */; };
		115D9B2F2540503B008DBADD /* EmptyView.swift in Sources */ = {isa = PBXBuildFile; fileRef = 115D9B2A2540503B008DBADD /* EmptyView.swift */; };
		115D9B392540515A008DBADD /* Internet.swift in Sources */ = {isa = PBXBuildFile; fileRef = 115D9B312540515A008DBADD /* Internet.swift */; };
		115D9B3A2540515A008DBADD /* AppDefaultButton.swift in Sources */ = {isa = PBXBuildFile; fileRef = 115D9B342540515A008DBADD /* AppDefaultButton.swift */; };
		115D9B3B2540515A008DBADD /* CardView.swift in Sources */ = {isa = PBXBuildFile; fileRef = 115D9B352540515A008DBADD /* CardView.swift */; };
		115D9B3C2540515A008DBADD /* Loader.swift in Sources */ = {isa = PBXBuildFile; fileRef = 115D9B372540515A008DBADD /* Loader.swift */; };
		115D9B3D2540515A008DBADD /* loaderProtocol.swift in Sources */ = {isa = PBXBuildFile; fileRef = 115D9B382540515A008DBADD /* loaderProtocol.swift */; };
		115D9B4025405207008DBADD /* ShadowUiView.swift in Sources */ = {isa = PBXBuildFile; fileRef = 115D9B3F25405207008DBADD /* ShadowUiView.swift */; };
		115D9B4325405238008DBADD /* NSObject.swift in Sources */ = {isa = PBXBuildFile; fileRef = 115D9B4225405238008DBADD /* NSObject.swift */; };
		115D9B462540524D008DBADD /* UIColor+app.swift in Sources */ = {isa = PBXBuildFile; fileRef = 115D9B452540524D008DBADD /* UIColor+app.swift */; };
		115D9B4925405274008DBADD /* NavigationBar+Appearance.swift in Sources */ = {isa = PBXBuildFile; fileRef = 115D9B4825405274008DBADD /* NavigationBar+Appearance.swift */; };
		115D9B5425405302008DBADD /* UiTableViewExtension.swift in Sources */ = {isa = PBXBuildFile; fileRef = 115D9B4B25405302008DBADD /* UiTableViewExtension.swift */; };
		115D9B5525405302008DBADD /* UIViewExtension.swift in Sources */ = {isa = PBXBuildFile; fileRef = 115D9B4C25405302008DBADD /* UIViewExtension.swift */; };
		115D9B5625405302008DBADD /* CollectionView.swift in Sources */ = {isa = PBXBuildFile; fileRef = 115D9B4D25405302008DBADD /* CollectionView.swift */; };
		115D9B5725405302008DBADD /* AppNavigationController.swift in Sources */ = {isa = PBXBuildFile; fileRef = 115D9B4E25405302008DBADD /* AppNavigationController.swift */; };
		115D9B5825405302008DBADD /* UiViewController.swift in Sources */ = {isa = PBXBuildFile; fileRef = 115D9B4F25405302008DBADD /* UiViewController.swift */; };
		115D9B5925405302008DBADD /* StringExtension.swift in Sources */ = {isa = PBXBuildFile; fileRef = 115D9B5025405302008DBADD /* StringExtension.swift */; };
		115D9B5A25405302008DBADD /* NumbersExtention.swift in Sources */ = {isa = PBXBuildFile; fileRef = 115D9B5125405302008DBADD /* NumbersExtention.swift */; };
		115D9B5B25405302008DBADD /* UITextFieldExtension.swift in Sources */ = {isa = PBXBuildFile; fileRef = 115D9B5225405302008DBADD /* UITextFieldExtension.swift */; };
		115D9B5C25405302008DBADD /* RoundedImage.swift in Sources */ = {isa = PBXBuildFile; fileRef = 115D9B5325405302008DBADD /* RoundedImage.swift */; };
		115D9B602540536F008DBADD /* TextSize.swift in Sources */ = {isa = PBXBuildFile; fileRef = 115D9B5E2540536F008DBADD /* TextSize.swift */; };
		115D9B612540536F008DBADD /* TimeDateFormat.swift in Sources */ = {isa = PBXBuildFile; fileRef = 115D9B5F2540536F008DBADD /* TimeDateFormat.swift */; };
		115D9B64254053BD008DBADD /* LanguageManager.swift in Sources */ = {isa = PBXBuildFile; fileRef = 115D9B63254053BD008DBADD /* LanguageManager.swift */; };
		115D9B6C2540540F008DBADD /* exampleError.json in Resources */ = {isa = PBXBuildFile; fileRef = 115D9B672540540E008DBADD /* exampleError.json */; };
		115D9B6D2540540F008DBADD /* StaticHeaderPlugin.swift in Sources */ = {isa = PBXBuildFile; fileRef = 115D9B682540540E008DBADD /* StaticHeaderPlugin.swift */; };
		115D9B6E2540540F008DBADD /* NetworkManager.swift in Sources */ = {isa = PBXBuildFile; fileRef = 115D9B692540540E008DBADD /* NetworkManager.swift */; };
		115D9B6F2540540F008DBADD /* NetworkDefaults.swift in Sources */ = {isa = PBXBuildFile; fileRef = 115D9B6A2540540E008DBADD /* NetworkDefaults.swift */; };
		115D9B702540540F008DBADD /* NetworkError.swift in Sources */ = {isa = PBXBuildFile; fileRef = 115D9B6B2540540E008DBADD /* NetworkError.swift */; };
		115D9B74254054BE008DBADD /* Colors.xcassets in Resources */ = {isa = PBXBuildFile; fileRef = 115D9B72254054BE008DBADD /* Colors.xcassets */; };
		115D9B75254054BE008DBADD /* Assets.swift in Sources */ = {isa = PBXBuildFile; fileRef = 115D9B73254054BE008DBADD /* Assets.swift */; };
		115D9BBF254056B9008DBADD /* Localized+Runtime.swift in Sources */ = {isa = PBXBuildFile; fileRef = 115D9BB9254056B9008DBADD /* Localized+Runtime.swift */; };
		115D9BC0254056B9008DBADD /* Localized.swift in Sources */ = {isa = PBXBuildFile; fileRef = 115D9BBA254056B9008DBADD /* Localized.swift */; };
		115D9BFA25405D5F008DBADD /* Localizable.strings in Resources */ = {isa = PBXBuildFile; fileRef = 115D9BFC25405D5F008DBADD /* Localizable.strings */; };
		115D9C20254060E6008DBADD /* swiftgen.yml in Resources */ = {isa = PBXBuildFile; fileRef = 115D9C1F254060E6008DBADD /* swiftgen.yml */; };
		2220373A699540225B1B7067 /* Pods_TOOTBERRY.framework in Frameworks */ = {isa = PBXBuildFile; fileRef = CA87E4E6950DAB7DEA1F7558 /* Pods_TOOTBERRY.framework */; };
/* End PBXBuildFile section */

/* Begin PBXFileReference section */
		111B3B6F2541D1C600986412 /* BartyCrouch.swift */ = {isa = PBXFileReference; lastKnownFileType = sourcecode.swift; path = BartyCrouch.swift; sourceTree = "<group>"; };
		115D9ACB2540459A008DBADD /* TOOTBERRY.app */ = {isa = PBXFileReference; explicitFileType = wrapper.application; includeInIndex = 0; path = TOOTBERRY.app; sourceTree = BUILT_PRODUCTS_DIR; };
		115D9ACE2540459A008DBADD /* AppDelegate.swift */ = {isa = PBXFileReference; lastKnownFileType = sourcecode.swift; path = AppDelegate.swift; sourceTree = "<group>"; };
		115D9AD02540459A008DBADD /* SceneDelegate.swift */ = {isa = PBXFileReference; lastKnownFileType = sourcecode.swift; path = SceneDelegate.swift; sourceTree = "<group>"; };
		115D9AD22540459A008DBADD /* ViewController.swift */ = {isa = PBXFileReference; lastKnownFileType = sourcecode.swift; path = ViewController.swift; sourceTree = "<group>"; };
		115D9AD52540459A008DBADD /* Base */ = {isa = PBXFileReference; lastKnownFileType = file.storyboard; name = Base; path = Base.lproj/Main.storyboard; sourceTree = "<group>"; };
		115D9AD72540459C008DBADD /* Assets.xcassets */ = {isa = PBXFileReference; lastKnownFileType = folder.assetcatalog; path = Assets.xcassets; sourceTree = "<group>"; };
		115D9ADA2540459C008DBADD /* Base */ = {isa = PBXFileReference; lastKnownFileType = file.storyboard; name = Base; path = Base.lproj/LaunchScreen.storyboard; sourceTree = "<group>"; };
		115D9ADC2540459C008DBADD /* Info.plist */ = {isa = PBXFileReference; lastKnownFileType = text.plist.xml; path = Info.plist; sourceTree = "<group>"; };
		115D9AF2254048C5008DBADD /* SceneDelegate+Extension.swift */ = {isa = PBXFileReference; lastKnownFileType = sourcecode.swift; path = "SceneDelegate+Extension.swift"; sourceTree = "<group>"; };
		115D9AF6254048D4008DBADD /* AppDelegate+Extension.swift */ = {isa = PBXFileReference; lastKnownFileType = sourcecode.swift; path = "AppDelegate+Extension.swift"; sourceTree = "<group>"; };
		115D9AF925404992008DBADD /* AppManager.swift */ = {isa = PBXFileReference; lastKnownFileType = sourcecode.swift; path = AppManager.swift; sourceTree = "<group>"; };
		115D9B0125404C7B008DBADD /* Container.swift */ = {isa = PBXFileReference; lastKnownFileType = sourcecode.swift; path = Container.swift; sourceTree = "<group>"; };
		115D9B1225404DEF008DBADD /* KeyValuePersistence.swift */ = {isa = PBXFileReference; lastKnownFileType = sourcecode.swift; path = KeyValuePersistence.swift; sourceTree = "<group>"; };
		115D9B1625404E01008DBADD /* PersistanceManager.swift */ = {isa = PBXFileReference; lastKnownFileType = sourcecode.swift; path = PersistanceManager.swift; sourceTree = "<group>"; };
		115D9B1925404ED3008DBADD /* SplashPresenter.swift */ = {isa = PBXFileReference; lastKnownFileType = sourcecode.swift; path = SplashPresenter.swift; sourceTree = "<group>"; };
		115D9B1A25404ED3008DBADD /* SplashRouter.swift */ = {isa = PBXFileReference; lastKnownFileType = sourcecode.swift; path = SplashRouter.swift; sourceTree = "<group>"; };
		115D9B1B25404ED3008DBADD /* SplashViewController.swift */ = {isa = PBXFileReference; lastKnownFileType = sourcecode.swift; path = SplashViewController.swift; sourceTree = "<group>"; };
		115D9B1C25404ED3008DBADD /* SplashProtocols.swift */ = {isa = PBXFileReference; lastKnownFileType = sourcecode.swift; path = SplashProtocols.swift; sourceTree = "<group>"; };
		115D9B1D25404ED3008DBADD /* SplashInteractor.swift */ = {isa = PBXFileReference; lastKnownFileType = sourcecode.swift; path = SplashInteractor.swift; sourceTree = "<group>"; };
		115D9B1E25404ED3008DBADD /* SplashViewController.xib */ = {isa = PBXFileReference; lastKnownFileType = file.xib; path = SplashViewController.xib; sourceTree = "<group>"; };
		115D9B262540503B008DBADD /* BaseViewController.swift */ = {isa = PBXFileReference; fileEncoding = 4; lastKnownFileType = sourcecode.swift; path = BaseViewController.swift; sourceTree = "<group>"; };
		115D9B272540503B008DBADD /* BaseProtocol.swift */ = {isa = PBXFileReference; fileEncoding = 4; lastKnownFileType = sourcecode.swift; path = BaseProtocol.swift; sourceTree = "<group>"; };
		115D9B282540503B008DBADD /* BaseView.swift */ = {isa = PBXFileReference; fileEncoding = 4; lastKnownFileType = sourcecode.swift; path = BaseView.swift; sourceTree = "<group>"; };
		115D9B292540503B008DBADD /* NoInternetView.swift */ = {isa = PBXFileReference; fileEncoding = 4; lastKnownFileType = sourcecode.swift; path = NoInternetView.swift; sourceTree = "<group>"; };
		115D9B2A2540503B008DBADD /* EmptyView.swift */ = {isa = PBXFileReference; fileEncoding = 4; lastKnownFileType = sourcecode.swift; path = EmptyView.swift; sourceTree = "<group>"; };
		115D9B312540515A008DBADD /* Internet.swift */ = {isa = PBXFileReference; fileEncoding = 4; lastKnownFileType = sourcecode.swift; path = Internet.swift; sourceTree = "<group>"; };
		115D9B342540515A008DBADD /* AppDefaultButton.swift */ = {isa = PBXFileReference; fileEncoding = 4; lastKnownFileType = sourcecode.swift; path = AppDefaultButton.swift; sourceTree = "<group>"; };
		115D9B352540515A008DBADD /* CardView.swift */ = {isa = PBXFileReference; fileEncoding = 4; lastKnownFileType = sourcecode.swift; path = CardView.swift; sourceTree = "<group>"; };
		115D9B372540515A008DBADD /* Loader.swift */ = {isa = PBXFileReference; fileEncoding = 4; lastKnownFileType = sourcecode.swift; path = Loader.swift; sourceTree = "<group>"; };
		115D9B382540515A008DBADD /* loaderProtocol.swift */ = {isa = PBXFileReference; fileEncoding = 4; lastKnownFileType = sourcecode.swift; path = loaderProtocol.swift; sourceTree = "<group>"; };
		115D9B3F25405207008DBADD /* ShadowUiView.swift */ = {isa = PBXFileReference; lastKnownFileType = sourcecode.swift; path = ShadowUiView.swift; sourceTree = "<group>"; };
		115D9B4225405238008DBADD /* NSObject.swift */ = {isa = PBXFileReference; lastKnownFileType = sourcecode.swift; path = NSObject.swift; sourceTree = "<group>"; };
		115D9B452540524D008DBADD /* UIColor+app.swift */ = {isa = PBXFileReference; lastKnownFileType = sourcecode.swift; path = "UIColor+app.swift"; sourceTree = "<group>"; };
		115D9B4825405274008DBADD /* NavigationBar+Appearance.swift */ = {isa = PBXFileReference; lastKnownFileType = sourcecode.swift; path = "NavigationBar+Appearance.swift"; sourceTree = "<group>"; };
		115D9B4B25405302008DBADD /* UiTableViewExtension.swift */ = {isa = PBXFileReference; fileEncoding = 4; lastKnownFileType = sourcecode.swift; path = UiTableViewExtension.swift; sourceTree = "<group>"; };
		115D9B4C25405302008DBADD /* UIViewExtension.swift */ = {isa = PBXFileReference; fileEncoding = 4; lastKnownFileType = sourcecode.swift; path = UIViewExtension.swift; sourceTree = "<group>"; };
		115D9B4D25405302008DBADD /* CollectionView.swift */ = {isa = PBXFileReference; fileEncoding = 4; lastKnownFileType = sourcecode.swift; path = CollectionView.swift; sourceTree = "<group>"; };
		115D9B4E25405302008DBADD /* AppNavigationController.swift */ = {isa = PBXFileReference; fileEncoding = 4; lastKnownFileType = sourcecode.swift; path = AppNavigationController.swift; sourceTree = "<group>"; };
		115D9B4F25405302008DBADD /* UiViewController.swift */ = {isa = PBXFileReference; fileEncoding = 4; lastKnownFileType = sourcecode.swift; path = UiViewController.swift; sourceTree = "<group>"; };
		115D9B5025405302008DBADD /* StringExtension.swift */ = {isa = PBXFileReference; fileEncoding = 4; lastKnownFileType = sourcecode.swift; path = StringExtension.swift; sourceTree = "<group>"; };
		115D9B5125405302008DBADD /* NumbersExtention.swift */ = {isa = PBXFileReference; fileEncoding = 4; lastKnownFileType = sourcecode.swift; path = NumbersExtention.swift; sourceTree = "<group>"; };
		115D9B5225405302008DBADD /* UITextFieldExtension.swift */ = {isa = PBXFileReference; fileEncoding = 4; lastKnownFileType = sourcecode.swift; path = UITextFieldExtension.swift; sourceTree = "<group>"; };
		115D9B5325405302008DBADD /* RoundedImage.swift */ = {isa = PBXFileReference; fileEncoding = 4; lastKnownFileType = sourcecode.swift; path = RoundedImage.swift; sourceTree = "<group>"; };
		115D9B5E2540536F008DBADD /* TextSize.swift */ = {isa = PBXFileReference; fileEncoding = 4; lastKnownFileType = sourcecode.swift; path = TextSize.swift; sourceTree = "<group>"; };
		115D9B5F2540536F008DBADD /* TimeDateFormat.swift */ = {isa = PBXFileReference; fileEncoding = 4; lastKnownFileType = sourcecode.swift; path = TimeDateFormat.swift; sourceTree = "<group>"; };
		115D9B63254053BD008DBADD /* LanguageManager.swift */ = {isa = PBXFileReference; fileEncoding = 4; lastKnownFileType = sourcecode.swift; path = LanguageManager.swift; sourceTree = "<group>"; };
		115D9B672540540E008DBADD /* exampleError.json */ = {isa = PBXFileReference; fileEncoding = 4; lastKnownFileType = text.json; path = exampleError.json; sourceTree = "<group>"; };
		115D9B682540540E008DBADD /* StaticHeaderPlugin.swift */ = {isa = PBXFileReference; fileEncoding = 4; lastKnownFileType = sourcecode.swift; path = StaticHeaderPlugin.swift; sourceTree = "<group>"; };
		115D9B692540540E008DBADD /* NetworkManager.swift */ = {isa = PBXFileReference; fileEncoding = 4; lastKnownFileType = sourcecode.swift; path = NetworkManager.swift; sourceTree = "<group>"; };
		115D9B6A2540540E008DBADD /* NetworkDefaults.swift */ = {isa = PBXFileReference; fileEncoding = 4; lastKnownFileType = sourcecode.swift; path = NetworkDefaults.swift; sourceTree = "<group>"; };
		115D9B6B2540540E008DBADD /* NetworkError.swift */ = {isa = PBXFileReference; fileEncoding = 4; lastKnownFileType = sourcecode.swift; path = NetworkError.swift; sourceTree = "<group>"; };
		115D9B72254054BE008DBADD /* Colors.xcassets */ = {isa = PBXFileReference; lastKnownFileType = folder.assetcatalog; path = Colors.xcassets; sourceTree = "<group>"; };
		115D9B73254054BE008DBADD /* Assets.swift */ = {isa = PBXFileReference; fileEncoding = 4; lastKnownFileType = sourcecode.swift; path = Assets.swift; sourceTree = "<group>"; };
		115D9BB9254056B9008DBADD /* Localized+Runtime.swift */ = {isa = PBXFileReference; fileEncoding = 4; lastKnownFileType = sourcecode.swift; path = "Localized+Runtime.swift"; sourceTree = "<group>"; };
		115D9BBA254056B9008DBADD /* Localized.swift */ = {isa = PBXFileReference; fileEncoding = 4; lastKnownFileType = sourcecode.swift; path = Localized.swift; sourceTree = "<group>"; };
		115D9BFB25405D5F008DBADD /* ar */ = {isa = PBXFileReference; lastKnownFileType = text.plist.strings; name = ar; path = ar.lproj/Localizable.strings; sourceTree = "<group>"; };
		115D9BFD25405D65008DBADD /* en */ = {isa = PBXFileReference; lastKnownFileType = text.plist.strings; name = en; path = en.lproj/Localizable.strings; sourceTree = "<group>"; };
		115D9C1F254060E6008DBADD /* swiftgen.yml */ = {isa = PBXFileReference; fileEncoding = 4; lastKnownFileType = text.yaml; path = swiftgen.yml; sourceTree = "<group>"; };
		22E9E797E5E6E9E09AAE6B85 /* Pods-TOOTBERRY.release.xcconfig */ = {isa = PBXFileReference; includeInIndex = 1; lastKnownFileType = text.xcconfig; name = "Pods-TOOTBERRY.release.xcconfig"; path = "Target Support Files/Pods-TOOTBERRY/Pods-TOOTBERRY.release.xcconfig"; sourceTree = "<group>"; };
		99751D24EED928CFD8FD0E96 /* Pods-TOOTBERRY.debug.xcconfig */ = {isa = PBXFileReference; includeInIndex = 1; lastKnownFileType = text.xcconfig; name = "Pods-TOOTBERRY.debug.xcconfig"; path = "Target Support Files/Pods-TOOTBERRY/Pods-TOOTBERRY.debug.xcconfig"; sourceTree = "<group>"; };
		CA87E4E6950DAB7DEA1F7558 /* Pods_TOOTBERRY.framework */ = {isa = PBXFileReference; explicitFileType = wrapper.framework; includeInIndex = 0; path = Pods_TOOTBERRY.framework; sourceTree = BUILT_PRODUCTS_DIR; };
/* End PBXFileReference section */

/* Begin PBXFrameworksBuildPhase section */
		115D9AC82540459A008DBADD /* Frameworks */ = {
			isa = PBXFrameworksBuildPhase;
			buildActionMask = 2147483647;
			files = (
				2220373A699540225B1B7067 /* Pods_TOOTBERRY.framework in Frameworks */,
			);
			runOnlyForDeploymentPostprocessing = 0;
		};
/* End PBXFrameworksBuildPhase section */

/* Begin PBXGroup section */
		111B3B6E2541D1AE00986412 /* SupportingFiles */ = {
			isa = PBXGroup;
			children = (
				111B3B6F2541D1C600986412 /* BartyCrouch.swift */,
			);
			path = SupportingFiles;
			sourceTree = "<group>";
		};
		115D9AC22540459A008DBADD = {
			isa = PBXGroup;
			children = (
				115D9C1F254060E6008DBADD /* swiftgen.yml */,
				115D9ACD2540459A008DBADD /* TOOTBERRY */,
				115D9ACC2540459A008DBADD /* Products */,
				DA6BF8AC23FDB14A95ECAA51 /* Pods */,
				29A8F4B390FA9B4BB351907E /* Frameworks */,
			);
			sourceTree = "<group>";
		};
		115D9ACC2540459A008DBADD /* Products */ = {
			isa = PBXGroup;
			children = (
				115D9ACB2540459A008DBADD /* TOOTBERRY.app */,
			);
			name = Products;
			sourceTree = "<group>";
		};
		115D9ACD2540459A008DBADD /* TOOTBERRY */ = {
			isa = PBXGroup;
			children = (
				111B3B6E2541D1AE00986412 /* SupportingFiles */,
				115D9AE525404728008DBADD /* Model */,
				115D9AE62540473D008DBADD /* Utilities */,
				115D9AE725404748008DBADD /* AppDelegate + SceneDelegate */,
				115D9AE825404756008DBADD /* Services */,
				115D9AE925404763008DBADD /* NetworkService */,
				115D9AEA2540476D008DBADD /* Base */,
				115D9AEB25404775008DBADD /* Extension */,
				115D9AEC25404781008DBADD /* Custom */,
				115D9AED25404789008DBADD /* Scenes */,
				115D9AEE25404795008DBADD /* Resources */,
				115D9AEF254047A7008DBADD /* Storyboards */,
				115D9AD22540459A008DBADD /* ViewController.swift */,
				115D9AD42540459A008DBADD /* Main.storyboard */,
				115D9AD92540459C008DBADD /* LaunchScreen.storyboard */,
				115D9ADC2540459C008DBADD /* Info.plist */,
			);
			path = TOOTBERRY;
			sourceTree = "<group>";
		};
		115D9AE525404728008DBADD /* Model */ = {
			isa = PBXGroup;
			children = (
			);
			path = Model;
			sourceTree = "<group>";
		};
		115D9AE62540473D008DBADD /* Utilities */ = {
			isa = PBXGroup;
			children = (
				115D9B63254053BD008DBADD /* LanguageManager.swift */,
			);
			path = Utilities;
			sourceTree = "<group>";
		};
		115D9AE725404748008DBADD /* AppDelegate + SceneDelegate */ = {
			isa = PBXGroup;
			children = (
				115D9ACE2540459A008DBADD /* AppDelegate.swift */,
				115D9AF6254048D4008DBADD /* AppDelegate+Extension.swift */,
				115D9AD02540459A008DBADD /* SceneDelegate.swift */,
				115D9AF2254048C5008DBADD /* SceneDelegate+Extension.swift */,
				115D9AF925404992008DBADD /* AppManager.swift */,
			);
			path = "AppDelegate + SceneDelegate";
			sourceTree = "<group>";
		};
		115D9AE825404756008DBADD /* Services */ = {
			isa = PBXGroup;
			children = (
				115D9B1125404DDB008DBADD /* Persistence Manager */,
				115D9B0125404C7B008DBADD /* Container.swift */,
			);
			path = Services;
			sourceTree = "<group>";
		};
		115D9AE925404763008DBADD /* NetworkService */ = {
			isa = PBXGroup;
			children = (
				115D9B662540540E008DBADD /* Network Defaults */,
			);
			path = NetworkService;
			sourceTree = "<group>";
		};
		115D9AEA2540476D008DBADD /* Base */ = {
			isa = PBXGroup;
			children = (
				115D9B272540503B008DBADD /* BaseProtocol.swift */,
				115D9B282540503B008DBADD /* BaseView.swift */,
				115D9B262540503B008DBADD /* BaseViewController.swift */,
				115D9B2A2540503B008DBADD /* EmptyView.swift */,
				115D9B292540503B008DBADD /* NoInternetView.swift */,
			);
			path = Base;
			sourceTree = "<group>";
		};
		115D9AEB25404775008DBADD /* Extension */ = {
			isa = PBXGroup;
			children = (
				115D9B4E25405302008DBADD /* AppNavigationController.swift */,
				115D9B4D25405302008DBADD /* CollectionView.swift */,
				115D9B5125405302008DBADD /* NumbersExtention.swift */,
				115D9B5325405302008DBADD /* RoundedImage.swift */,
				115D9B5025405302008DBADD /* StringExtension.swift */,
				115D9B4B25405302008DBADD /* UiTableViewExtension.swift */,
				115D9B5225405302008DBADD /* UITextFieldExtension.swift */,
				115D9B4F25405302008DBADD /* UiViewController.swift */,
				115D9B4C25405302008DBADD /* UIViewExtension.swift */,
				115D9B3F25405207008DBADD /* ShadowUiView.swift */,
				115D9B4225405238008DBADD /* NSObject.swift */,
				115D9B452540524D008DBADD /* UIColor+app.swift */,
				115D9B4825405274008DBADD /* NavigationBar+Appearance.swift */,
			);
			path = Extension;
			sourceTree = "<group>";
		};
		115D9AEC25404781008DBADD /* Custom */ = {
			isa = PBXGroup;
			children = (
				115D9B5E2540536F008DBADD /* TextSize.swift */,
				115D9B5F2540536F008DBADD /* TimeDateFormat.swift */,
				115D9B322540515A008DBADD /* Controllers */,
				115D9B312540515A008DBADD /* Internet.swift */,
			);
			path = Custom;
			sourceTree = "<group>";
		};
		115D9AED25404789008DBADD /* Scenes */ = {
			isa = PBXGroup;
			children = (
				115D9B1925404ED3008DBADD /* SplashPresenter.swift */,
				115D9B1A25404ED3008DBADD /* SplashRouter.swift */,
				115D9B1B25404ED3008DBADD /* SplashViewController.swift */,
				115D9B1C25404ED3008DBADD /* SplashProtocols.swift */,
				115D9B1D25404ED3008DBADD /* SplashInteractor.swift */,
				115D9B1E25404ED3008DBADD /* SplashViewController.xib */,
			);
			path = Scenes;
			sourceTree = "<group>";
		};
		115D9AEE25404795008DBADD /* Resources */ = {
			isa = PBXGroup;
			children = (
				115D9C0D25405EC5008DBADD /* Assets */,
				115D9BB52540567F008DBADD /* Localization */,
				115D9B94254055DD008DBADD /* Configerations */,
			);
			path = Resources;
			sourceTree = "<group>";
		};
		115D9AEF254047A7008DBADD /* Storyboards */ = {
			isa = PBXGroup;
			children = (
			);
			path = Storyboards;
			sourceTree = "<group>";
		};
		115D9B1125404DDB008DBADD /* Persistence Manager */ = {
			isa = PBXGroup;
			children = (
				115D9B1225404DEF008DBADD /* KeyValuePersistence.swift */,
				115D9B1625404E01008DBADD /* PersistanceManager.swift */,
			);
			path = "Persistence Manager";
			sourceTree = "<group>";
		};
		115D9B322540515A008DBADD /* Controllers */ = {
			isa = PBXGroup;
			children = (
				115D9B332540515A008DBADD /* AppButton */,
				115D9B352540515A008DBADD /* CardView.swift */,
				115D9B362540515A008DBADD /* Loader */,
			);
			path = Controllers;
			sourceTree = "<group>";
		};
		115D9B332540515A008DBADD /* AppButton */ = {
			isa = PBXGroup;
			children = (
				115D9B342540515A008DBADD /* AppDefaultButton.swift */,
			);
			path = AppButton;
			sourceTree = "<group>";
		};
		115D9B362540515A008DBADD /* Loader */ = {
			isa = PBXGroup;
			children = (
				115D9B372540515A008DBADD /* Loader.swift */,
				115D9B382540515A008DBADD /* loaderProtocol.swift */,
			);
			path = Loader;
			sourceTree = "<group>";
		};
		115D9B662540540E008DBADD /* Network Defaults */ = {
			isa = PBXGroup;
			children = (
				115D9B672540540E008DBADD /* exampleError.json */,
				115D9B682540540E008DBADD /* StaticHeaderPlugin.swift */,
				115D9B692540540E008DBADD /* NetworkManager.swift */,
				115D9B6A2540540E008DBADD /* NetworkDefaults.swift */,
				115D9B6B2540540E008DBADD /* NetworkError.swift */,
			);
			path = "Network Defaults";
			sourceTree = "<group>";
		};
		115D9B94254055DD008DBADD /* Configerations */ = {
			isa = PBXGroup;
			children = (
			);
			path = Configerations;
			sourceTree = "<group>";
		};
		115D9BB52540567F008DBADD /* Localization */ = {
			isa = PBXGroup;
			children = (
				115D9BBA254056B9008DBADD /* Localized.swift */,
				115D9BB9254056B9008DBADD /* Localized+Runtime.swift */,
				115D9BFC25405D5F008DBADD /* Localizable.strings */,
			);
			path = Localization;
			sourceTree = "<group>";
		};
		115D9C0D25405EC5008DBADD /* Assets */ = {
			isa = PBXGroup;
			children = (
				115D9B72254054BE008DBADD /* Colors.xcassets */,
				115D9B73254054BE008DBADD /* Assets.swift */,
				115D9AD72540459C008DBADD /* Assets.xcassets */,
			);
			path = Assets;
			sourceTree = "<group>";
		};
		29A8F4B390FA9B4BB351907E /* Frameworks */ = {
			isa = PBXGroup;
			children = (
				CA87E4E6950DAB7DEA1F7558 /* Pods_TOOTBERRY.framework */,
			);
			name = Frameworks;
			sourceTree = "<group>";
		};
		DA6BF8AC23FDB14A95ECAA51 /* Pods */ = {
			isa = PBXGroup;
			children = (
				99751D24EED928CFD8FD0E96 /* Pods-TOOTBERRY.debug.xcconfig */,
				22E9E797E5E6E9E09AAE6B85 /* Pods-TOOTBERRY.release.xcconfig */,
			);
			path = Pods;
			sourceTree = "<group>";
		};
/* End PBXGroup section */

/* Begin PBXNativeTarget section */
		115D9ACA2540459A008DBADD /* TOOTBERRY */ = {
			isa = PBXNativeTarget;
			buildConfigurationList = 115D9ADF2540459C008DBADD /* Build configuration list for PBXNativeTarget "TOOTBERRY" */;
			buildPhases = (
				3C9074113B7910EEBFECE6FE /* [CP] Check Pods Manifest.lock */,
				115D9AC72540459A008DBADD /* Sources */,
				115D9AC82540459A008DBADD /* Frameworks */,
				115D9AC92540459A008DBADD /* Resources */,
				EA55462666E30C8F202E3A53 /* [CP] Embed Pods Frameworks */,
				115D9BE325405A92008DBADD /* swiftgen Run Script */,
				115D9BE425405AD8008DBADD /* BartyCrouch Run Script */,
				115D9BE525405AEE008DBADD /* Lint Script */,
			);
			buildRules = (
			);
			dependencies = (
			);
			name = TOOTBERRY;
			productName = TOOTBERRY;
			productReference = 115D9ACB2540459A008DBADD /* TOOTBERRY.app */;
			productType = "com.apple.product-type.application";
		};
/* End PBXNativeTarget section */

/* Begin PBXProject section */
		115D9AC32540459A008DBADD /* Project object */ = {
			isa = PBXProject;
			attributes = {
				LastSwiftUpdateCheck = 1210;
				LastUpgradeCheck = 1210;
				TargetAttributes = {
					115D9ACA2540459A008DBADD = {
						CreatedOnToolsVersion = 12.1;
					};
				};
			};
			buildConfigurationList = 115D9AC62540459A008DBADD /* Build configuration list for PBXProject "TOOTBERRY" */;
			compatibilityVersion = "Xcode 9.3";
			developmentRegion = en;
			hasScannedForEncodings = 0;
			knownRegions = (
				en,
				Base,
				ar,
			);
			mainGroup = 115D9AC22540459A008DBADD;
			productRefGroup = 115D9ACC2540459A008DBADD /* Products */;
			projectDirPath = "";
			projectRoot = "";
			targets = (
				115D9ACA2540459A008DBADD /* TOOTBERRY */,
			);
		};
/* End PBXProject section */

/* Begin PBXResourcesBuildPhase section */
		115D9AC92540459A008DBADD /* Resources */ = {
			isa = PBXResourcesBuildPhase;
			buildActionMask = 2147483647;
			files = (
				115D9B6C2540540F008DBADD /* exampleError.json in Resources */,
				115D9ADB2540459C008DBADD /* LaunchScreen.storyboard in Resources */,
				115D9AD82540459C008DBADD /* Assets.xcassets in Resources */,
				115D9C20254060E6008DBADD /* swiftgen.yml in Resources */,
				115D9B74254054BE008DBADD /* Colors.xcassets in Resources */,
				115D9AD62540459A008DBADD /* Main.storyboard in Resources */,
				115D9BFA25405D5F008DBADD /* Localizable.strings in Resources */,
				115D9B2425404ED3008DBADD /* SplashViewController.xib in Resources */,
			);
			runOnlyForDeploymentPostprocessing = 0;
		};
/* End PBXResourcesBuildPhase section */

/* Begin PBXShellScriptBuildPhase section */
		115D9BE325405A92008DBADD /* swiftgen Run Script */ = {
			isa = PBXShellScriptBuildPhase;
			buildActionMask = 2147483647;
			files = (
			);
			inputFileListPaths = (
			);
			inputPaths = (
			);
			name = "swiftgen Run Script";
			outputFileListPaths = (
			);
			outputPaths = (
			);
			runOnlyForDeploymentPostprocessing = 0;
			shellPath = /bin/sh;
			shellScript = "swiftgen\n\n";
		};
		115D9BE425405AD8008DBADD /* BartyCrouch Run Script */ = {
			isa = PBXShellScriptBuildPhase;
			buildActionMask = 2147483647;
			files = (
			);
			inputFileListPaths = (
			);
			inputPaths = (
			);
			name = "BartyCrouch Run Script";
			outputFileListPaths = (
			);
			outputPaths = (
			);
			runOnlyForDeploymentPostprocessing = 0;
			shellPath = /bin/sh;
			shellScript = "if which bartycrouch > /dev/null; then\n    bartycrouch update -x\n    bartycrouch lint -x\nelse\n    echo \"warning: BartyCrouch not installed, download it from https://github.com/Flinesoft/BartyCrouch\"\nfi\n";
		};
		115D9BE525405AEE008DBADD /* Lint Script */ = {
			isa = PBXShellScriptBuildPhase;
			buildActionMask = 2147483647;
			files = (
			);
			inputFileListPaths = (
			);
			inputPaths = (
			);
			name = "Lint Script";
			outputFileListPaths = (
			);
			outputPaths = (
			);
			runOnlyForDeploymentPostprocessing = 0;
			shellPath = /bin/sh;
			shellScript = "if which swiftlint >/dev/null; then\nswiftlint\nelse\necho \"warning: SwiftLint not installed, download from https://github.com/realm/SwiftLint\"\nfi\n";
		};
		3C9074113B7910EEBFECE6FE /* [CP] Check Pods Manifest.lock */ = {
			isa = PBXShellScriptBuildPhase;
			buildActionMask = 2147483647;
			files = (
			);
			inputFileListPaths = (
			);
			inputPaths = (
				"${PODS_PODFILE_DIR_PATH}/Podfile.lock",
				"${PODS_ROOT}/Manifest.lock",
			);
			name = "[CP] Check Pods Manifest.lock";
			outputFileListPaths = (
			);
			outputPaths = (
				"$(DERIVED_FILE_DIR)/Pods-TOOTBERRY-checkManifestLockResult.txt",
			);
			runOnlyForDeploymentPostprocessing = 0;
			shellPath = /bin/sh;
			shellScript = "diff \"${PODS_PODFILE_DIR_PATH}/Podfile.lock\" \"${PODS_ROOT}/Manifest.lock\" > /dev/null\nif [ $? != 0 ] ; then\n    # print error to STDERR\n    echo \"error: The sandbox is not in sync with the Podfile.lock. Run 'pod install' or update your CocoaPods installation.\" >&2\n    exit 1\nfi\n# This output is used by Xcode 'outputs' to avoid re-running this script phase.\necho \"SUCCESS\" > \"${SCRIPT_OUTPUT_FILE_0}\"\n";
			showEnvVarsInLog = 0;
		};
		EA55462666E30C8F202E3A53 /* [CP] Embed Pods Frameworks */ = {
			isa = PBXShellScriptBuildPhase;
			buildActionMask = 2147483647;
			files = (
			);
			inputFileListPaths = (
				"${PODS_ROOT}/Target Support Files/Pods-TOOTBERRY/Pods-TOOTBERRY-frameworks-${CONFIGURATION}-input-files.xcfilelist",
			);
			name = "[CP] Embed Pods Frameworks";
			outputFileListPaths = (
				"${PODS_ROOT}/Target Support Files/Pods-TOOTBERRY/Pods-TOOTBERRY-frameworks-${CONFIGURATION}-output-files.xcfilelist",
			);
			runOnlyForDeploymentPostprocessing = 0;
			shellPath = /bin/sh;
			shellScript = "\"${PODS_ROOT}/Target Support Files/Pods-TOOTBERRY/Pods-TOOTBERRY-frameworks.sh\"\n";
			showEnvVarsInLog = 0;
		};
/* End PBXShellScriptBuildPhase section */

/* Begin PBXSourcesBuildPhase section */
		115D9AC72540459A008DBADD /* Sources */ = {
			isa = PBXSourcesBuildPhase;
			buildActionMask = 2147483647;
			files = (
				115D9B5525405302008DBADD /* UIViewExtension.swift in Sources */,
				115D9B5B25405302008DBADD /* UITextFieldExtension.swift in Sources */,
				111B3B702541D1C600986412 /* BartyCrouch.swift in Sources */,
				115D9AF7254048D4008DBADD /* AppDelegate+Extension.swift in Sources */,
				115D9B5625405302008DBADD /* CollectionView.swift in Sources */,
				115D9B5A25405302008DBADD /* NumbersExtention.swift in Sources */,
				115D9B2325404ED3008DBADD /* SplashInteractor.swift in Sources */,
				115D9B1F25404ED3008DBADD /* SplashPresenter.swift in Sources */,
				115D9B3C2540515A008DBADD /* Loader.swift in Sources */,
				115D9B75254054BE008DBADD /* Assets.swift in Sources */,
				115D9B5C25405302008DBADD /* RoundedImage.swift in Sources */,
				115D9B702540540F008DBADD /* NetworkError.swift in Sources */,
				115D9B2D2540503B008DBADD /* BaseView.swift in Sources */,
				115D9B5825405302008DBADD /* UiViewController.swift in Sources */,
				115D9B5925405302008DBADD /* StringExtension.swift in Sources */,
				115D9AD32540459A008DBADD /* ViewController.swift in Sources */,
				115D9B2F2540503B008DBADD /* EmptyView.swift in Sources */,
				115D9B2125404ED3008DBADD /* SplashViewController.swift in Sources */,
				115D9B2B2540503B008DBADD /* BaseViewController.swift in Sources */,
				115D9B3A2540515A008DBADD /* AppDefaultButton.swift in Sources */,
				115D9B602540536F008DBADD /* TextSize.swift in Sources */,
				115D9AF3254048C5008DBADD /* SceneDelegate+Extension.swift in Sources */,
				115D9B5725405302008DBADD /* AppNavigationController.swift in Sources */,
				115D9B2E2540503B008DBADD /* NoInternetView.swift in Sources */,
				115D9B2225404ED3008DBADD /* SplashProtocols.swift in Sources */,
				115D9B4025405207008DBADD /* ShadowUiView.swift in Sources */,
				115D9B1725404E01008DBADD /* PersistanceManager.swift in Sources */,
				115D9B6E2540540F008DBADD /* NetworkManager.swift in Sources */,
				115D9AFA25404992008DBADD /* AppManager.swift in Sources */,
				115D9B462540524D008DBADD /* UIColor+app.swift in Sources */,
				115D9B2C2540503B008DBADD /* BaseProtocol.swift in Sources */,
				115D9B5425405302008DBADD /* UiTableViewExtension.swift in Sources */,
				115D9B3D2540515A008DBADD /* loaderProtocol.swift in Sources */,
				115D9B612540536F008DBADD /* TimeDateFormat.swift in Sources */,
				115D9B392540515A008DBADD /* Internet.swift in Sources */,
				115D9B0225404C7B008DBADD /* Container.swift in Sources */,
				115D9B4925405274008DBADD /* NavigationBar+Appearance.swift in Sources */,
				115D9B6D2540540F008DBADD /* StaticHeaderPlugin.swift in Sources */,
				115D9ACF2540459A008DBADD /* AppDelegate.swift in Sources */,
				115D9B4325405238008DBADD /* NSObject.swift in Sources */,
				115D9B6F2540540F008DBADD /* NetworkDefaults.swift in Sources */,
				115D9AD12540459A008DBADD /* SceneDelegate.swift in Sources */,
				115D9B2025404ED3008DBADD /* SplashRouter.swift in Sources */,
				115D9B3B2540515A008DBADD /* CardView.swift in Sources */,
				115D9B1325404DEF008DBADD /* KeyValuePersistence.swift in Sources */,
				115D9BBF254056B9008DBADD /* Localized+Runtime.swift in Sources */,
				115D9B64254053BD008DBADD /* LanguageManager.swift in Sources */,
				115D9BC0254056B9008DBADD /* Localized.swift in Sources */,
			);
			runOnlyForDeploymentPostprocessing = 0;
		};
/* End PBXSourcesBuildPhase section */

/* Begin PBXVariantGroup section */
		115D9AD42540459A008DBADD /* Main.storyboard */ = {
			isa = PBXVariantGroup;
			children = (
				115D9AD52540459A008DBADD /* Base */,
			);
			name = Main.storyboard;
			sourceTree = "<group>";
		};
		115D9AD92540459C008DBADD /* LaunchScreen.storyboard */ = {
			isa = PBXVariantGroup;
			children = (
				115D9ADA2540459C008DBADD /* Base */,
			);
			name = LaunchScreen.storyboard;
			sourceTree = "<group>";
		};
		115D9BFC25405D5F008DBADD /* Localizable.strings */ = {
			isa = PBXVariantGroup;
			children = (
				115D9BFB25405D5F008DBADD /* ar */,
				115D9BFD25405D65008DBADD /* en */,
			);
			name = Localizable.strings;
			sourceTree = "<group>";
		};
/* End PBXVariantGroup section */

/* Begin XCBuildConfiguration section */
		115D9ADD2540459C008DBADD /* Debug */ = {
			isa = XCBuildConfiguration;
			buildSettings = {
				ALWAYS_SEARCH_USER_PATHS = NO;
				CLANG_ANALYZER_NONNULL = YES;
				CLANG_ANALYZER_NUMBER_OBJECT_CONVERSION = YES_AGGRESSIVE;
				CLANG_CXX_LANGUAGE_STANDARD = "gnu++14";
				CLANG_CXX_LIBRARY = "libc++";
				CLANG_ENABLE_MODULES = YES;
				CLANG_ENABLE_OBJC_ARC = YES;
				CLANG_ENABLE_OBJC_WEAK = YES;
				CLANG_WARN_BLOCK_CAPTURE_AUTORELEASING = YES;
				CLANG_WARN_BOOL_CONVERSION = YES;
				CLANG_WARN_COMMA = YES;
				CLANG_WARN_CONSTANT_CONVERSION = YES;
				CLANG_WARN_DEPRECATED_OBJC_IMPLEMENTATIONS = YES;
				CLANG_WARN_DIRECT_OBJC_ISA_USAGE = YES_ERROR;
				CLANG_WARN_DOCUMENTATION_COMMENTS = YES;
				CLANG_WARN_EMPTY_BODY = YES;
				CLANG_WARN_ENUM_CONVERSION = YES;
				CLANG_WARN_INFINITE_RECURSION = YES;
				CLANG_WARN_INT_CONVERSION = YES;
				CLANG_WARN_NON_LITERAL_NULL_CONVERSION = YES;
				CLANG_WARN_OBJC_IMPLICIT_RETAIN_SELF = YES;
				CLANG_WARN_OBJC_LITERAL_CONVERSION = YES;
				CLANG_WARN_OBJC_ROOT_CLASS = YES_ERROR;
				CLANG_WARN_QUOTED_INCLUDE_IN_FRAMEWORK_HEADER = YES;
				CLANG_WARN_RANGE_LOOP_ANALYSIS = YES;
				CLANG_WARN_STRICT_PROTOTYPES = YES;
				CLANG_WARN_SUSPICIOUS_MOVE = YES;
				CLANG_WARN_UNGUARDED_AVAILABILITY = YES_AGGRESSIVE;
				CLANG_WARN_UNREACHABLE_CODE = YES;
				CLANG_WARN__DUPLICATE_METHOD_MATCH = YES;
				COPY_PHASE_STRIP = NO;
				DEBUG_INFORMATION_FORMAT = dwarf;
				ENABLE_STRICT_OBJC_MSGSEND = YES;
				ENABLE_TESTABILITY = YES;
				GCC_C_LANGUAGE_STANDARD = gnu11;
				GCC_DYNAMIC_NO_PIC = NO;
				GCC_NO_COMMON_BLOCKS = YES;
				GCC_OPTIMIZATION_LEVEL = 0;
				GCC_PREPROCESSOR_DEFINITIONS = (
					"DEBUG=1",
					"$(inherited)",
				);
				GCC_WARN_64_TO_32_BIT_CONVERSION = YES;
				GCC_WARN_ABOUT_RETURN_TYPE = YES_ERROR;
				GCC_WARN_UNDECLARED_SELECTOR = YES;
				GCC_WARN_UNINITIALIZED_AUTOS = YES_AGGRESSIVE;
				GCC_WARN_UNUSED_FUNCTION = YES;
				GCC_WARN_UNUSED_VARIABLE = YES;
				IPHONEOS_DEPLOYMENT_TARGET = 14.1;
				MTL_ENABLE_DEBUG_INFO = INCLUDE_SOURCE;
				MTL_FAST_MATH = YES;
				ONLY_ACTIVE_ARCH = YES;
				SDKROOT = iphoneos;
				SWIFT_ACTIVE_COMPILATION_CONDITIONS = DEBUG;
				SWIFT_OPTIMIZATION_LEVEL = "-Onone";
			};
			name = Debug;
		};
		115D9ADE2540459C008DBADD /* Release */ = {
			isa = XCBuildConfiguration;
			buildSettings = {
				ALWAYS_SEARCH_USER_PATHS = NO;
				CLANG_ANALYZER_NONNULL = YES;
				CLANG_ANALYZER_NUMBER_OBJECT_CONVERSION = YES_AGGRESSIVE;
				CLANG_CXX_LANGUAGE_STANDARD = "gnu++14";
				CLANG_CXX_LIBRARY = "libc++";
				CLANG_ENABLE_MODULES = YES;
				CLANG_ENABLE_OBJC_ARC = YES;
				CLANG_ENABLE_OBJC_WEAK = YES;
				CLANG_WARN_BLOCK_CAPTURE_AUTORELEASING = YES;
				CLANG_WARN_BOOL_CONVERSION = YES;
				CLANG_WARN_COMMA = YES;
				CLANG_WARN_CONSTANT_CONVERSION = YES;
				CLANG_WARN_DEPRECATED_OBJC_IMPLEMENTATIONS = YES;
				CLANG_WARN_DIRECT_OBJC_ISA_USAGE = YES_ERROR;
				CLANG_WARN_DOCUMENTATION_COMMENTS = YES;
				CLANG_WARN_EMPTY_BODY = YES;
				CLANG_WARN_ENUM_CONVERSION = YES;
				CLANG_WARN_INFINITE_RECURSION = YES;
				CLANG_WARN_INT_CONVERSION = YES;
				CLANG_WARN_NON_LITERAL_NULL_CONVERSION = YES;
				CLANG_WARN_OBJC_IMPLICIT_RETAIN_SELF = YES;
				CLANG_WARN_OBJC_LITERAL_CONVERSION = YES;
				CLANG_WARN_OBJC_ROOT_CLASS = YES_ERROR;
				CLANG_WARN_QUOTED_INCLUDE_IN_FRAMEWORK_HEADER = YES;
				CLANG_WARN_RANGE_LOOP_ANALYSIS = YES;
				CLANG_WARN_STRICT_PROTOTYPES = YES;
				CLANG_WARN_SUSPICIOUS_MOVE = YES;
				CLANG_WARN_UNGUARDED_AVAILABILITY = YES_AGGRESSIVE;
				CLANG_WARN_UNREACHABLE_CODE = YES;
				CLANG_WARN__DUPLICATE_METHOD_MATCH = YES;
				COPY_PHASE_STRIP = NO;
				DEBUG_INFORMATION_FORMAT = "dwarf-with-dsym";
				ENABLE_NS_ASSERTIONS = NO;
				ENABLE_STRICT_OBJC_MSGSEND = YES;
				GCC_C_LANGUAGE_STANDARD = gnu11;
				GCC_NO_COMMON_BLOCKS = YES;
				GCC_WARN_64_TO_32_BIT_CONVERSION = YES;
				GCC_WARN_ABOUT_RETURN_TYPE = YES_ERROR;
				GCC_WARN_UNDECLARED_SELECTOR = YES;
				GCC_WARN_UNINITIALIZED_AUTOS = YES_AGGRESSIVE;
				GCC_WARN_UNUSED_FUNCTION = YES;
				GCC_WARN_UNUSED_VARIABLE = YES;
				IPHONEOS_DEPLOYMENT_TARGET = 14.1;
				MTL_ENABLE_DEBUG_INFO = NO;
				MTL_FAST_MATH = YES;
				SDKROOT = iphoneos;
				SWIFT_COMPILATION_MODE = wholemodule;
				SWIFT_OPTIMIZATION_LEVEL = "-O";
				VALIDATE_PRODUCT = YES;
			};
			name = Release;
		};
		115D9AE02540459C008DBADD /* Debug */ = {
			isa = XCBuildConfiguration;
			baseConfigurationReference = 99751D24EED928CFD8FD0E96 /* Pods-TOOTBERRY.debug.xcconfig */;
			buildSettings = {
				ASSETCATALOG_COMPILER_APPICON_NAME = AppIcon;
				ASSETCATALOG_COMPILER_GLOBAL_ACCENT_COLOR_NAME = AccentColor;
				CODE_SIGN_STYLE = Automatic;
				DEVELOPMENT_TEAM = 2C86JD592M;
				INFOPLIST_FILE = TOOTBERRY/Info.plist;
				LD_RUNPATH_SEARCH_PATHS = (
					"$(inherited)",
					"@executable_path/Frameworks",
				);
				PRODUCT_BUNDLE_IDENTIFIER = com.ibtikar.channels.ahmed.samir.TOOTBERRY;
				PRODUCT_NAME = "$(TARGET_NAME)";
				SWIFT_VERSION = 5.0;
				TARGETED_DEVICE_FAMILY = "1,2";
			};
			name = Debug;
		};
		115D9AE12540459C008DBADD /* Release */ = {
			isa = XCBuildConfiguration;
			baseConfigurationReference = 22E9E797E5E6E9E09AAE6B85 /* Pods-TOOTBERRY.release.xcconfig */;
			buildSettings = {
				ASSETCATALOG_COMPILER_APPICON_NAME = AppIcon;
				ASSETCATALOG_COMPILER_GLOBAL_ACCENT_COLOR_NAME = AccentColor;
				CODE_SIGN_STYLE = Automatic;
				DEVELOPMENT_TEAM = 2C86JD592M;
				INFOPLIST_FILE = TOOTBERRY/Info.plist;
				LD_RUNPATH_SEARCH_PATHS = (
					"$(inherited)",
					"@executable_path/Frameworks",
				);
				PRODUCT_BUNDLE_IDENTIFIER = com.ibtikar.channels.ahmed.samir.TOOTBERRY;
				PRODUCT_NAME = "$(TARGET_NAME)";
				SWIFT_VERSION = 5.0;
				TARGETED_DEVICE_FAMILY = "1,2";
			};
			name = Release;
		};
/* End XCBuildConfiguration section */

/* Begin XCConfigurationList section */
		115D9AC62540459A008DBADD /* Build configuration list for PBXProject "TOOTBERRY" */ = {
			isa = XCConfigurationList;
			buildConfigurations = (
				115D9ADD2540459C008DBADD /* Debug */,
				115D9ADE2540459C008DBADD /* Release */,
			);
			defaultConfigurationIsVisible = 0;
			defaultConfigurationName = Release;
		};
		115D9ADF2540459C008DBADD /* Build configuration list for PBXNativeTarget "TOOTBERRY" */ = {
			isa = XCConfigurationList;
			buildConfigurations = (
				115D9AE02540459C008DBADD /* Debug */,
				115D9AE12540459C008DBADD /* Release */,
			);
			defaultConfigurationIsVisible = 0;
			defaultConfigurationName = Release;
		};
/* End XCConfigurationList section */
	};
	rootObject = 115D9AC32540459A008DBADD /* Project object */;
}
